// !$*UTF8*$!
{
	archiveVersion = 1;
	classes = {
	};
	objectVersion = 46;
	objects = {

/* Begin PBXBuildFile section */
		915F5BABB35B48EB9BB2972D /* libPods.a in Frameworks */ = {isa = PBXBuildFile; fileRef = D4AABD77C5324CCD9F149023 /* libPods.a */; };
		CC34EE3A15D1763F00820FC8 /* blue-button-active@2x.png in Resources */ = {isa = PBXBuildFile; fileRef = CC34EE3815D1763F00820FC8 /* blue-button-active@2x.png */; };
		CC34EE3B15D1763F00820FC8 /* blue-button-pressed@2x.png in Resources */ = {isa = PBXBuildFile; fileRef = CC34EE3915D1763F00820FC8 /* blue-button-pressed@2x.png */; };
		CC34EE3E15D1794300820FC8 /* login-navbar-button-active.png in Resources */ = {isa = PBXBuildFile; fileRef = CC34EE3D15D1794300820FC8 /* login-navbar-button-active.png */; };
		CC34EE4015D17D5400820FC8 /* login-navbar-button-pressed@2x.png in Resources */ = {isa = PBXBuildFile; fileRef = CC34EE3F15D17D5400820FC8 /* login-navbar-button-pressed@2x.png */; };
		CC34EE4215D17E1A00820FC8 /* login-navbar-button-active@2x.png in Resources */ = {isa = PBXBuildFile; fileRef = CC34EE4115D17E1A00820FC8 /* login-navbar-button-active@2x.png */; };
		CC34EE4415D1841800820FC8 /* login-navbar-button-pressed.png in Resources */ = {isa = PBXBuildFile; fileRef = CC34EE4315D1841800820FC8 /* login-navbar-button-pressed.png */; };
		CC34EE4715D184A500820FC8 /* login-navbar-button-active-landscape@2x.png in Resources */ = {isa = PBXBuildFile; fileRef = CC34EE4515D184A500820FC8 /* login-navbar-button-active-landscape@2x.png */; };
		CC34EE4815D184A500820FC8 /* login-navbar-button-pressed-landscape@2x.png in Resources */ = {isa = PBXBuildFile; fileRef = CC34EE4615D184A500820FC8 /* login-navbar-button-pressed-landscape@2x.png */; };
		CC34EE4B15D1873A00820FC8 /* login-navbar-button-active-landscape.png in Resources */ = {isa = PBXBuildFile; fileRef = CC34EE4915D1873A00820FC8 /* login-navbar-button-active-landscape.png */; };
		CC34EE4C15D1873A00820FC8 /* login-navbar-button-pressed-landscape.png in Resources */ = {isa = PBXBuildFile; fileRef = CC34EE4A15D1873A00820FC8 /* login-navbar-button-pressed-landscape.png */; };
		CC34EE5415D189A600820FC8 /* add-account-navbar-button-active-landscape@2x.png in Resources */ = {isa = PBXBuildFile; fileRef = CC34EE4D15D189A600820FC8 /* add-account-navbar-button-active-landscape@2x.png */; };
		CC34EE5515D189A600820FC8 /* add-account-navbar-button-active.png in Resources */ = {isa = PBXBuildFile; fileRef = CC34EE4E15D189A600820FC8 /* add-account-navbar-button-active.png */; };
		CC34EE5615D189A600820FC8 /* add-account-navbar-button-active@2x.png in Resources */ = {isa = PBXBuildFile; fileRef = CC34EE4F15D189A600820FC8 /* add-account-navbar-button-active@2x.png */; };
		CC34EE5715D189A600820FC8 /* add-account-navbar-button-pressed-landscape.png in Resources */ = {isa = PBXBuildFile; fileRef = CC34EE5015D189A600820FC8 /* add-account-navbar-button-pressed-landscape.png */; };
		CC34EE5815D189A600820FC8 /* add-account-navbar-button-pressed-landscape@2x.png in Resources */ = {isa = PBXBuildFile; fileRef = CC34EE5115D189A600820FC8 /* add-account-navbar-button-pressed-landscape@2x.png */; };
		CC34EE5915D189A600820FC8 /* add-account-navbar-button-pressed.png in Resources */ = {isa = PBXBuildFile; fileRef = CC34EE5215D189A600820FC8 /* add-account-navbar-button-pressed.png */; };
		CC34EE5A15D189A600820FC8 /* add-account-navbar-button-pressed@2x.png in Resources */ = {isa = PBXBuildFile; fileRef = CC34EE5315D189A600820FC8 /* add-account-navbar-button-pressed@2x.png */; };
		CC34EE5C15D189E600820FC8 /* add-account-navbar-button-active-landscape.png in Resources */ = {isa = PBXBuildFile; fileRef = CC34EE5B15D189E600820FC8 /* add-account-navbar-button-active-landscape.png */; };
		CC34EE6015D19C1100820FC8 /* response-numbers.xml in Resources */ = {isa = PBXBuildFile; fileRef = CC34EE5F15D19C1100820FC8 /* response-numbers.xml */; };
		CC34EE6615D1AB6300820FC8 /* LoginPanelView.m in Sources */ = {isa = PBXBuildFile; fileRef = CC34EE6515D1AB6300820FC8 /* LoginPanelView.m */; };
		CC3CA27C15D22A49006E8B22 /* EmailsViewController.m in Sources */ = {isa = PBXBuildFile; fileRef = CC3CA27B15D22A49006E8B22 /* EmailsViewController.m */; };
		CC3CA27F15D234C4006E8B22 /* PhotoSelectionViewController.m in Sources */ = {isa = PBXBuildFile; fileRef = CC3CA27E15D234C4006E8B22 /* PhotoSelectionViewController.m */; };
		CC3CA28115D236BC006E8B22 /* AssetsLibrary.framework in Frameworks */ = {isa = PBXBuildFile; fileRef = CC3CA28015D236BC006E8B22 /* AssetsLibrary.framework */; };
		CC6315FE15CF0F93007E8AFC /* response-complex.xml in Resources */ = {isa = PBXBuildFile; fileRef = CC6315FD15CF0F93007E8AFC /* response-complex.xml */; };
		CC63160115CF0FB2007E8AFC /* response-fault.xml in Resources */ = {isa = PBXBuildFile; fileRef = CC63160015CF0FB2007E8AFC /* response-fault.xml */; };
		CC63160415D01D8D007E8AFC /* RCXMLRPCParsingContext.m in Sources */ = {isa = PBXBuildFile; fileRef = CC63160315D01D8C007E8AFC /* RCXMLRPCParsingContext.m */; };
		CC63160815D03E81007E8AFC /* GravatarRequest.m in Sources */ = {isa = PBXBuildFile; fileRef = CC63160715D03E81007E8AFC /* GravatarRequest.m */; };
		CC63160B15D04B6F007E8AFC /* MD5Hasher.m in Sources */ = {isa = PBXBuildFile; fileRef = CC63160A15D04B6F007E8AFC /* MD5Hasher.m */; };
		CC63160E15D0555E007E8AFC /* GravatarClient.m in Sources */ = {isa = PBXBuildFile; fileRef = CC63160D15D0555E007E8AFC /* GravatarClient.m */; };
		CC81ED2015DAADB1000DA4F8 /* data.txt in Resources */ = {isa = PBXBuildFile; fileRef = CC81ED1F15DAADB1000DA4F8 /* data.txt */; };
		CC830B1B15DAB12B008F5552 /* datadict.xml in Resources */ = {isa = PBXBuildFile; fileRef = CC830B1A15DAB12B008F5552 /* datadict.xml */; };
		CCA8E62C15D087CE00DE01AF /* AddAccountViewController.m in Sources */ = {isa = PBXBuildFile; fileRef = CCA8E62B15D087CE00DE01AF /* AddAccountViewController.m */; };
		CCA8E62E15D088AF00DE01AF /* AddAccountView.xib in Resources */ = {isa = PBXBuildFile; fileRef = CCA8E62D15D088AF00DE01AF /* AddAccountView.xib */; };
		CCA8E63915D08B5400DE01AF /* RCAccountTextField.m in Sources */ = {isa = PBXBuildFile; fileRef = CCA8E63715D08A8B00DE01AF /* RCAccountTextField.m */; };
		CCA8E63C15D0D83000DE01AF /* unified-nav.png in Resources */ = {isa = PBXBuildFile; fileRef = CCA8E63B15D0D83000DE01AF /* unified-nav.png */; };
		CCA8E63E15D0D98E00DE01AF /* no-shadow.png in Resources */ = {isa = PBXBuildFile; fileRef = CCA8E63D15D0D98E00DE01AF /* no-shadow.png */; };
		CCA8E64315D0DACE00DE01AF /* gravatar-blue-nav.png in Resources */ = {isa = PBXBuildFile; fileRef = CCA8E64115D0DACE00DE01AF /* gravatar-blue-nav.png */; };
		CCA8E64415D0DACE00DE01AF /* gravatar-blue-nav@2x.png in Resources */ = {isa = PBXBuildFile; fileRef = CCA8E64215D0DACE00DE01AF /* gravatar-blue-nav@2x.png */; };
		CCA8E64615D0DBFB00DE01AF /* unified-nav@2x.png in Resources */ = {isa = PBXBuildFile; fileRef = CCA8E64515D0DBFB00DE01AF /* unified-nav@2x.png */; };
		CCA8E64B15D0E75700DE01AF /* GravatarImageView.m in Sources */ = {isa = PBXBuildFile; fileRef = CCA8E64A15D0E75700DE01AF /* GravatarImageView.m */; };
		CCA8E64C15D0F25C00DE01AF /* QuartzCore.framework in Frameworks */ = {isa = PBXBuildFile; fileRef = CCA8E64715D0E12900DE01AF /* QuartzCore.framework */; };
		CCA8E64D15D0F26400DE01AF /* QuartzCore.framework in Frameworks */ = {isa = PBXBuildFile; fileRef = CCA8E64715D0E12900DE01AF /* QuartzCore.framework */; };
		CCA8E65015D0F82A00DE01AF /* blue-button-active.png in Resources */ = {isa = PBXBuildFile; fileRef = CCA8E64E15D0F82A00DE01AF /* blue-button-active.png */; };
		CCA8E65115D0F82A00DE01AF /* blue-button-pressed.png in Resources */ = {isa = PBXBuildFile; fileRef = CCA8E64F15D0F82A00DE01AF /* blue-button-pressed.png */; };
		CCDED47515D1D92B001C9CA7 /* GravatarAccount.m in Sources */ = {isa = PBXBuildFile; fileRef = CCDED47415D1D92B001C9CA7 /* GravatarAccount.m */; };
		CCEF5DFE15D301D700761000 /* PhotoEditorViewController.m in Sources */ = {isa = PBXBuildFile; fileRef = CCEF5DFD15D301D700761000 /* PhotoEditorViewController.m */; };
		CCEF5E0215D9542D00761000 /* ImageEditorView.m in Sources */ = {isa = PBXBuildFile; fileRef = CCEF5E0115D9542D00761000 /* ImageEditorView.m */; };
		CCEF5E0915D9861B00761000 /* CropView.m in Sources */ = {isa = PBXBuildFile; fileRef = CCEF5E0815D9861B00761000 /* CropView.m */; };
		CCEF5E0B15D9AD5E00761000 /* CoreImage.framework in Frameworks */ = {isa = PBXBuildFile; fileRef = CCEF5E0A15D9AD5E00761000 /* CoreImage.framework */; };
		CCFD869415CC56AB001D8E25 /* UIKit.framework in Frameworks */ = {isa = PBXBuildFile; fileRef = CCFD869315CC56AB001D8E25 /* UIKit.framework */; };
		CCFD869615CC56AB001D8E25 /* Foundation.framework in Frameworks */ = {isa = PBXBuildFile; fileRef = CCFD869515CC56AB001D8E25 /* Foundation.framework */; };
		CCFD869815CC56AB001D8E25 /* CoreGraphics.framework in Frameworks */ = {isa = PBXBuildFile; fileRef = CCFD869715CC56AB001D8E25 /* CoreGraphics.framework */; };
		CCFD869E15CC56AB001D8E25 /* InfoPlist.strings in Resources */ = {isa = PBXBuildFile; fileRef = CCFD869C15CC56AB001D8E25 /* InfoPlist.strings */; };
		CCFD86A015CC56AB001D8E25 /* main.m in Sources */ = {isa = PBXBuildFile; fileRef = CCFD869F15CC56AB001D8E25 /* main.m */; };
		CCFD86A415CC56AB001D8E25 /* RCAppDelegate.m in Sources */ = {isa = PBXBuildFile; fileRef = CCFD86A315CC56AB001D8E25 /* RCAppDelegate.m */; };
		CCFD86AC15CC56AB001D8E25 /* SenTestingKit.framework in Frameworks */ = {isa = PBXBuildFile; fileRef = CCFD86AB15CC56AB001D8E25 /* SenTestingKit.framework */; };
		CCFD86AD15CC56AB001D8E25 /* UIKit.framework in Frameworks */ = {isa = PBXBuildFile; fileRef = CCFD869315CC56AB001D8E25 /* UIKit.framework */; };
		CCFD86AE15CC56AB001D8E25 /* Foundation.framework in Frameworks */ = {isa = PBXBuildFile; fileRef = CCFD869515CC56AB001D8E25 /* Foundation.framework */; };
		CCFD86B615CC56AB001D8E25 /* InfoPlist.strings in Resources */ = {isa = PBXBuildFile; fileRef = CCFD86B415CC56AB001D8E25 /* InfoPlist.strings */; };
		CCFD86B915CC56AB001D8E25 /* GravatarTests.m in Sources */ = {isa = PBXBuildFile; fileRef = CCFD86B815CC56AB001D8E25 /* GravatarTests.m */; };
		CCFD86D415CC61DF001D8E25 /* RCXMLRPCEncoder.m in Sources */ = {isa = PBXBuildFile; fileRef = CCFD86D315CC61DF001D8E25 /* RCXMLRPCEncoder.m */; };
		CCFD86D715CC69E8001D8E25 /* RCXMLRPCEncoderTests.m in Sources */ = {isa = PBXBuildFile; fileRef = CCFD86D615CC69E8001D8E25 /* RCXMLRPCEncoderTests.m */; };
		CCFD86DA15CC787E001D8E25 /* params.xml in Resources */ = {isa = PBXBuildFile; fileRef = CCFD86D915CC787E001D8E25 /* params.xml */; };
		CCFD86DC15CC7C89001D8E25 /* array.xml in Resources */ = {isa = PBXBuildFile; fileRef = CCFD86DB15CC7C89001D8E25 /* array.xml */; };
		CCFD86DE15CC80E0001D8E25 /* dict.xml in Resources */ = {isa = PBXBuildFile; fileRef = CCFD86DD15CC80E0001D8E25 /* dict.xml */; };
		CCFD86E015CC829F001D8E25 /* request.xml in Resources */ = {isa = PBXBuildFile; fileRef = CCFD86DF15CC829F001D8E25 /* request.xml */; };
		CCFD86EB15CCABB2001D8E25 /* NSData+Base64.m in Sources */ = {isa = PBXBuildFile; fileRef = CCFD86E915CCABA1001D8E25 /* NSData+Base64.m */; };
		CCFD86F115CCAFFC001D8E25 /* RCXMLRPCDecoder.m in Sources */ = {isa = PBXBuildFile; fileRef = CCFD86F015CCAFFC001D8E25 /* RCXMLRPCDecoder.m */; };
		CCFD86F415CCB023001D8E25 /* RCXMLRPCDecoderTests.m in Sources */ = {isa = PBXBuildFile; fileRef = CCFD86F315CCB023001D8E25 /* RCXMLRPCDecoderTests.m */; };
		CCFD86F615CCB372001D8E25 /* response.xml in Resources */ = {isa = PBXBuildFile; fileRef = CCFD86F515CCB372001D8E25 /* response.xml */; };
		DAA4F2B891E846D99F8B2B07 /* libPods.a in Frameworks */ = {isa = PBXBuildFile; fileRef = D4AABD77C5324CCD9F149023 /* libPods.a */; };
/* End PBXBuildFile section */

/* Begin PBXContainerItemProxy section */
		CCFD86AF15CC56AB001D8E25 /* PBXContainerItemProxy */ = {
			isa = PBXContainerItemProxy;
			containerPortal = CCFD868615CC56AA001D8E25 /* Project object */;
			proxyType = 1;
			remoteGlobalIDString = CCFD868E15CC56AA001D8E25;
			remoteInfo = Gravatar;
		};
/* End PBXContainerItemProxy section */

/* Begin PBXFileReference section */
		80DC29DBD8E0496F99E7258E /* Pods.xcconfig */ = {isa = PBXFileReference; lastKnownFileType = text.xcconfig; name = Pods.xcconfig; path = Pods/Pods.xcconfig; sourceTree = SOURCE_ROOT; };
		CC34EE3815D1763F00820FC8 /* blue-button-active@2x.png */ = {isa = PBXFileReference; lastKnownFileType = image.png; path = "blue-button-active@2x.png"; sourceTree = "<group>"; };
		CC34EE3915D1763F00820FC8 /* blue-button-pressed@2x.png */ = {isa = PBXFileReference; lastKnownFileType = image.png; path = "blue-button-pressed@2x.png"; sourceTree = "<group>"; };
		CC34EE3D15D1794300820FC8 /* login-navbar-button-active.png */ = {isa = PBXFileReference; lastKnownFileType = image.png; path = "login-navbar-button-active.png"; sourceTree = "<group>"; };
		CC34EE3F15D17D5400820FC8 /* login-navbar-button-pressed@2x.png */ = {isa = PBXFileReference; lastKnownFileType = image.png; path = "login-navbar-button-pressed@2x.png"; sourceTree = "<group>"; };
		CC34EE4115D17E1A00820FC8 /* login-navbar-button-active@2x.png */ = {isa = PBXFileReference; lastKnownFileType = image.png; path = "login-navbar-button-active@2x.png"; sourceTree = "<group>"; };
		CC34EE4315D1841800820FC8 /* login-navbar-button-pressed.png */ = {isa = PBXFileReference; lastKnownFileType = image.png; path = "login-navbar-button-pressed.png"; sourceTree = "<group>"; };
		CC34EE4515D184A500820FC8 /* login-navbar-button-active-landscape@2x.png */ = {isa = PBXFileReference; lastKnownFileType = image.png; path = "login-navbar-button-active-landscape@2x.png"; sourceTree = "<group>"; };
		CC34EE4615D184A500820FC8 /* login-navbar-button-pressed-landscape@2x.png */ = {isa = PBXFileReference; lastKnownFileType = image.png; path = "login-navbar-button-pressed-landscape@2x.png"; sourceTree = "<group>"; };
		CC34EE4915D1873A00820FC8 /* login-navbar-button-active-landscape.png */ = {isa = PBXFileReference; lastKnownFileType = image.png; path = "login-navbar-button-active-landscape.png"; sourceTree = "<group>"; };
		CC34EE4A15D1873A00820FC8 /* login-navbar-button-pressed-landscape.png */ = {isa = PBXFileReference; lastKnownFileType = image.png; path = "login-navbar-button-pressed-landscape.png"; sourceTree = "<group>"; };
		CC34EE4D15D189A600820FC8 /* add-account-navbar-button-active-landscape@2x.png */ = {isa = PBXFileReference; lastKnownFileType = image.png; path = "add-account-navbar-button-active-landscape@2x.png"; sourceTree = "<group>"; };
		CC34EE4E15D189A600820FC8 /* add-account-navbar-button-active.png */ = {isa = PBXFileReference; lastKnownFileType = image.png; path = "add-account-navbar-button-active.png"; sourceTree = "<group>"; };
		CC34EE4F15D189A600820FC8 /* add-account-navbar-button-active@2x.png */ = {isa = PBXFileReference; lastKnownFileType = image.png; path = "add-account-navbar-button-active@2x.png"; sourceTree = "<group>"; };
		CC34EE5015D189A600820FC8 /* add-account-navbar-button-pressed-landscape.png */ = {isa = PBXFileReference; lastKnownFileType = image.png; path = "add-account-navbar-button-pressed-landscape.png"; sourceTree = "<group>"; };
		CC34EE5115D189A600820FC8 /* add-account-navbar-button-pressed-landscape@2x.png */ = {isa = PBXFileReference; lastKnownFileType = image.png; path = "add-account-navbar-button-pressed-landscape@2x.png"; sourceTree = "<group>"; };
		CC34EE5215D189A600820FC8 /* add-account-navbar-button-pressed.png */ = {isa = PBXFileReference; lastKnownFileType = image.png; path = "add-account-navbar-button-pressed.png"; sourceTree = "<group>"; };
		CC34EE5315D189A600820FC8 /* add-account-navbar-button-pressed@2x.png */ = {isa = PBXFileReference; lastKnownFileType = image.png; path = "add-account-navbar-button-pressed@2x.png"; sourceTree = "<group>"; };
		CC34EE5B15D189E600820FC8 /* add-account-navbar-button-active-landscape.png */ = {isa = PBXFileReference; lastKnownFileType = image.png; path = "add-account-navbar-button-active-landscape.png"; sourceTree = "<group>"; };
		CC34EE5F15D19C1100820FC8 /* response-numbers.xml */ = {isa = PBXFileReference; fileEncoding = 4; lastKnownFileType = text.xml; path = "response-numbers.xml"; sourceTree = "<group>"; };
		CC34EE6415D1AB6300820FC8 /* LoginPanelView.h */ = {isa = PBXFileReference; fileEncoding = 4; lastKnownFileType = sourcecode.c.h; path = LoginPanelView.h; sourceTree = "<group>"; };
		CC34EE6515D1AB6300820FC8 /* LoginPanelView.m */ = {isa = PBXFileReference; fileEncoding = 4; lastKnownFileType = sourcecode.c.objc; path = LoginPanelView.m; sourceTree = "<group>"; };
		CC3CA27A15D22A49006E8B22 /* EmailsViewController.h */ = {isa = PBXFileReference; fileEncoding = 4; lastKnownFileType = sourcecode.c.h; path = EmailsViewController.h; sourceTree = "<group>"; };
		CC3CA27B15D22A49006E8B22 /* EmailsViewController.m */ = {isa = PBXFileReference; fileEncoding = 4; lastKnownFileType = sourcecode.c.objc; path = EmailsViewController.m; sourceTree = "<group>"; };
		CC3CA27D15D234C4006E8B22 /* PhotoSelectionViewController.h */ = {isa = PBXFileReference; fileEncoding = 4; lastKnownFileType = sourcecode.c.h; path = PhotoSelectionViewController.h; sourceTree = "<group>"; };
		CC3CA27E15D234C4006E8B22 /* PhotoSelectionViewController.m */ = {isa = PBXFileReference; fileEncoding = 4; lastKnownFileType = sourcecode.c.objc; path = PhotoSelectionViewController.m; sourceTree = "<group>"; };
		CC3CA28015D236BC006E8B22 /* AssetsLibrary.framework */ = {isa = PBXFileReference; lastKnownFileType = wrapper.framework; name = AssetsLibrary.framework; path = System/Library/Frameworks/AssetsLibrary.framework; sourceTree = SDKROOT; };
		CC6315FD15CF0F93007E8AFC /* response-complex.xml */ = {isa = PBXFileReference; fileEncoding = 4; lastKnownFileType = text.xml; path = "response-complex.xml"; sourceTree = "<group>"; };
		CC63160015CF0FB2007E8AFC /* response-fault.xml */ = {isa = PBXFileReference; fileEncoding = 4; lastKnownFileType = text.xml; path = "response-fault.xml"; sourceTree = "<group>"; };
		CC63160215D01D8C007E8AFC /* RCXMLRPCParsingContext.h */ = {isa = PBXFileReference; fileEncoding = 4; lastKnownFileType = sourcecode.c.h; path = RCXMLRPCParsingContext.h; sourceTree = "<group>"; };
		CC63160315D01D8C007E8AFC /* RCXMLRPCParsingContext.m */ = {isa = PBXFileReference; fileEncoding = 4; lastKnownFileType = sourcecode.c.objc; path = RCXMLRPCParsingContext.m; sourceTree = "<group>"; };
		CC63160615D03E81007E8AFC /* GravatarRequest.h */ = {isa = PBXFileReference; fileEncoding = 4; lastKnownFileType = sourcecode.c.h; path = GravatarRequest.h; sourceTree = "<group>"; };
		CC63160715D03E81007E8AFC /* GravatarRequest.m */ = {isa = PBXFileReference; fileEncoding = 4; lastKnownFileType = sourcecode.c.objc; path = GravatarRequest.m; sourceTree = "<group>"; };
		CC63160915D04B6F007E8AFC /* MD5Hasher.h */ = {isa = PBXFileReference; fileEncoding = 4; lastKnownFileType = sourcecode.c.h; path = MD5Hasher.h; sourceTree = "<group>"; };
		CC63160A15D04B6F007E8AFC /* MD5Hasher.m */ = {isa = PBXFileReference; fileEncoding = 4; lastKnownFileType = sourcecode.c.objc; path = MD5Hasher.m; sourceTree = "<group>"; };
		CC63160C15D0555E007E8AFC /* GravatarClient.h */ = {isa = PBXFileReference; fileEncoding = 4; lastKnownFileType = sourcecode.c.h; path = GravatarClient.h; sourceTree = "<group>"; };
		CC63160D15D0555E007E8AFC /* GravatarClient.m */ = {isa = PBXFileReference; fileEncoding = 4; lastKnownFileType = sourcecode.c.objc; path = GravatarClient.m; sourceTree = "<group>"; };
		CC81ED1F15DAADB1000DA4F8 /* data.txt */ = {isa = PBXFileReference; fileEncoding = 4; lastKnownFileType = text; path = data.txt; sourceTree = "<group>"; };
		CC830B1A15DAB12B008F5552 /* datadict.xml */ = {isa = PBXFileReference; fileEncoding = 4; lastKnownFileType = text.xml; path = datadict.xml; sourceTree = "<group>"; };
		CCA8E62A15D087CE00DE01AF /* AddAccountViewController.h */ = {isa = PBXFileReference; fileEncoding = 4; lastKnownFileType = sourcecode.c.h; path = AddAccountViewController.h; sourceTree = "<group>"; };
		CCA8E62B15D087CE00DE01AF /* AddAccountViewController.m */ = {isa = PBXFileReference; fileEncoding = 4; lastKnownFileType = sourcecode.c.objc; path = AddAccountViewController.m; sourceTree = "<group>"; };
		CCA8E62D15D088AF00DE01AF /* AddAccountView.xib */ = {isa = PBXFileReference; fileEncoding = 4; lastKnownFileType = file.xib; path = AddAccountView.xib; sourceTree = "<group>"; };
		CCA8E63615D08A8B00DE01AF /* RCAccountTextField.h */ = {isa = PBXFileReference; fileEncoding = 4; lastKnownFileType = sourcecode.c.h; path = RCAccountTextField.h; sourceTree = "<group>"; };
		CCA8E63715D08A8B00DE01AF /* RCAccountTextField.m */ = {isa = PBXFileReference; fileEncoding = 4; lastKnownFileType = sourcecode.c.objc; path = RCAccountTextField.m; sourceTree = "<group>"; };
		CCA8E63B15D0D83000DE01AF /* unified-nav.png */ = {isa = PBXFileReference; lastKnownFileType = image.png; path = "unified-nav.png"; sourceTree = "<group>"; };
		CCA8E63D15D0D98E00DE01AF /* no-shadow.png */ = {isa = PBXFileReference; lastKnownFileType = image.png; path = "no-shadow.png"; sourceTree = "<group>"; };
		CCA8E64115D0DACE00DE01AF /* gravatar-blue-nav.png */ = {isa = PBXFileReference; lastKnownFileType = image.png; path = "gravatar-blue-nav.png"; sourceTree = "<group>"; };
		CCA8E64215D0DACE00DE01AF /* gravatar-blue-nav@2x.png */ = {isa = PBXFileReference; lastKnownFileType = image.png; path = "gravatar-blue-nav@2x.png"; sourceTree = "<group>"; };
		CCA8E64515D0DBFB00DE01AF /* unified-nav@2x.png */ = {isa = PBXFileReference; lastKnownFileType = image.png; path = "unified-nav@2x.png"; sourceTree = "<group>"; };
		CCA8E64715D0E12900DE01AF /* QuartzCore.framework */ = {isa = PBXFileReference; lastKnownFileType = wrapper.framework; name = QuartzCore.framework; path = System/Library/Frameworks/QuartzCore.framework; sourceTree = SDKROOT; };
		CCA8E64915D0E75700DE01AF /* GravatarImageView.h */ = {isa = PBXFileReference; fileEncoding = 4; lastKnownFileType = sourcecode.c.h; path = GravatarImageView.h; sourceTree = "<group>"; };
		CCA8E64A15D0E75700DE01AF /* GravatarImageView.m */ = {isa = PBXFileReference; fileEncoding = 4; lastKnownFileType = sourcecode.c.objc; path = GravatarImageView.m; sourceTree = "<group>"; };
		CCA8E64E15D0F82A00DE01AF /* blue-button-active.png */ = {isa = PBXFileReference; lastKnownFileType = image.png; path = "blue-button-active.png"; sourceTree = "<group>"; };
		CCA8E64F15D0F82A00DE01AF /* blue-button-pressed.png */ = {isa = PBXFileReference; lastKnownFileType = image.png; path = "blue-button-pressed.png"; sourceTree = "<group>"; };
		CCDED47315D1D92B001C9CA7 /* GravatarAccount.h */ = {isa = PBXFileReference; fileEncoding = 4; lastKnownFileType = sourcecode.c.h; path = GravatarAccount.h; sourceTree = "<group>"; };
		CCDED47415D1D92B001C9CA7 /* GravatarAccount.m */ = {isa = PBXFileReference; fileEncoding = 4; lastKnownFileType = sourcecode.c.objc; path = GravatarAccount.m; sourceTree = "<group>"; };
		CCEF5DFC15D301D700761000 /* PhotoEditorViewController.h */ = {isa = PBXFileReference; fileEncoding = 4; lastKnownFileType = sourcecode.c.h; path = PhotoEditorViewController.h; sourceTree = "<group>"; };
		CCEF5DFD15D301D700761000 /* PhotoEditorViewController.m */ = {isa = PBXFileReference; fileEncoding = 4; lastKnownFileType = sourcecode.c.objc; path = PhotoEditorViewController.m; sourceTree = "<group>"; };
		CCEF5E0015D9542D00761000 /* ImageEditorView.h */ = {isa = PBXFileReference; fileEncoding = 4; lastKnownFileType = sourcecode.c.h; path = ImageEditorView.h; sourceTree = "<group>"; };
		CCEF5E0115D9542D00761000 /* ImageEditorView.m */ = {isa = PBXFileReference; fileEncoding = 4; lastKnownFileType = sourcecode.c.objc; path = ImageEditorView.m; sourceTree = "<group>"; };
		CCEF5E0715D9861B00761000 /* CropView.h */ = {isa = PBXFileReference; fileEncoding = 4; lastKnownFileType = sourcecode.c.h; path = CropView.h; sourceTree = "<group>"; };
		CCEF5E0815D9861B00761000 /* CropView.m */ = {isa = PBXFileReference; fileEncoding = 4; lastKnownFileType = sourcecode.c.objc; path = CropView.m; sourceTree = "<group>"; };
		CCEF5E0A15D9AD5E00761000 /* CoreImage.framework */ = {isa = PBXFileReference; lastKnownFileType = wrapper.framework; name = CoreImage.framework; path = System/Library/Frameworks/CoreImage.framework; sourceTree = SDKROOT; };
		CCFD868F15CC56AA001D8E25 /* Gravatar.app */ = {isa = PBXFileReference; explicitFileType = wrapper.application; includeInIndex = 0; path = Gravatar.app; sourceTree = BUILT_PRODUCTS_DIR; };
		CCFD869315CC56AB001D8E25 /* UIKit.framework */ = {isa = PBXFileReference; lastKnownFileType = wrapper.framework; name = UIKit.framework; path = System/Library/Frameworks/UIKit.framework; sourceTree = SDKROOT; };
		CCFD869515CC56AB001D8E25 /* Foundation.framework */ = {isa = PBXFileReference; lastKnownFileType = wrapper.framework; name = Foundation.framework; path = System/Library/Frameworks/Foundation.framework; sourceTree = SDKROOT; };
		CCFD869715CC56AB001D8E25 /* CoreGraphics.framework */ = {isa = PBXFileReference; lastKnownFileType = wrapper.framework; name = CoreGraphics.framework; path = System/Library/Frameworks/CoreGraphics.framework; sourceTree = SDKROOT; };
		CCFD869B15CC56AB001D8E25 /* Gravatar-Info.plist */ = {isa = PBXFileReference; lastKnownFileType = text.plist.xml; path = "Gravatar-Info.plist"; sourceTree = "<group>"; };
		CCFD869D15CC56AB001D8E25 /* en */ = {isa = PBXFileReference; lastKnownFileType = text.plist.strings; name = en; path = en.lproj/InfoPlist.strings; sourceTree = "<group>"; };
		CCFD869F15CC56AB001D8E25 /* main.m */ = {isa = PBXFileReference; lastKnownFileType = sourcecode.c.objc; path = main.m; sourceTree = "<group>"; };
		CCFD86A115CC56AB001D8E25 /* Gravatar-Prefix.pch */ = {isa = PBXFileReference; lastKnownFileType = sourcecode.c.h; path = "Gravatar-Prefix.pch"; sourceTree = "<group>"; };
		CCFD86A215CC56AB001D8E25 /* RCAppDelegate.h */ = {isa = PBXFileReference; lastKnownFileType = sourcecode.c.h; path = RCAppDelegate.h; sourceTree = "<group>"; };
		CCFD86A315CC56AB001D8E25 /* RCAppDelegate.m */ = {isa = PBXFileReference; lastKnownFileType = sourcecode.c.objc; path = RCAppDelegate.m; sourceTree = "<group>"; };
		CCFD86AA15CC56AB001D8E25 /* GravatarTests.octest */ = {isa = PBXFileReference; explicitFileType = wrapper.cfbundle; includeInIndex = 0; path = GravatarTests.octest; sourceTree = BUILT_PRODUCTS_DIR; };
		CCFD86AB15CC56AB001D8E25 /* SenTestingKit.framework */ = {isa = PBXFileReference; lastKnownFileType = wrapper.framework; name = SenTestingKit.framework; path = Library/Frameworks/SenTestingKit.framework; sourceTree = DEVELOPER_DIR; };
		CCFD86B315CC56AB001D8E25 /* GravatarTests-Info.plist */ = {isa = PBXFileReference; lastKnownFileType = text.plist.xml; path = "GravatarTests-Info.plist"; sourceTree = "<group>"; };
		CCFD86B515CC56AB001D8E25 /* en */ = {isa = PBXFileReference; lastKnownFileType = text.plist.strings; name = en; path = en.lproj/InfoPlist.strings; sourceTree = "<group>"; };
		CCFD86B715CC56AB001D8E25 /* GravatarTests.h */ = {isa = PBXFileReference; lastKnownFileType = sourcecode.c.h; path = GravatarTests.h; sourceTree = "<group>"; };
		CCFD86B815CC56AB001D8E25 /* GravatarTests.m */ = {isa = PBXFileReference; lastKnownFileType = sourcecode.c.objc; path = GravatarTests.m; sourceTree = "<group>"; };
		CCFD86D215CC61DF001D8E25 /* RCXMLRPCEncoder.h */ = {isa = PBXFileReference; fileEncoding = 4; lastKnownFileType = sourcecode.c.h; path = RCXMLRPCEncoder.h; sourceTree = "<group>"; };
		CCFD86D315CC61DF001D8E25 /* RCXMLRPCEncoder.m */ = {isa = PBXFileReference; fileEncoding = 4; lastKnownFileType = sourcecode.c.objc; path = RCXMLRPCEncoder.m; sourceTree = "<group>"; };
		CCFD86D515CC69E8001D8E25 /* RCXMLRPCEncoderTests.h */ = {isa = PBXFileReference; fileEncoding = 4; lastKnownFileType = sourcecode.c.h; path = RCXMLRPCEncoderTests.h; sourceTree = "<group>"; };
		CCFD86D615CC69E8001D8E25 /* RCXMLRPCEncoderTests.m */ = {isa = PBXFileReference; fileEncoding = 4; lastKnownFileType = sourcecode.c.objc; path = RCXMLRPCEncoderTests.m; sourceTree = "<group>"; };
		CCFD86D915CC787E001D8E25 /* params.xml */ = {isa = PBXFileReference; fileEncoding = 4; lastKnownFileType = text.xml; path = params.xml; sourceTree = "<group>"; };
		CCFD86DB15CC7C89001D8E25 /* array.xml */ = {isa = PBXFileReference; fileEncoding = 4; lastKnownFileType = text.xml; path = array.xml; sourceTree = "<group>"; };
		CCFD86DD15CC80E0001D8E25 /* dict.xml */ = {isa = PBXFileReference; fileEncoding = 4; lastKnownFileType = text.xml; path = dict.xml; sourceTree = "<group>"; };
		CCFD86DF15CC829F001D8E25 /* request.xml */ = {isa = PBXFileReference; fileEncoding = 4; lastKnownFileType = text.xml; path = request.xml; sourceTree = "<group>"; };
		CCFD86E815CCABA1001D8E25 /* NSData+Base64.h */ = {isa = PBXFileReference; fileEncoding = 4; lastKnownFileType = sourcecode.c.h; path = "NSData+Base64.h"; sourceTree = "<group>"; };
		CCFD86E915CCABA1001D8E25 /* NSData+Base64.m */ = {isa = PBXFileReference; fileEncoding = 4; lastKnownFileType = sourcecode.c.objc; path = "NSData+Base64.m"; sourceTree = "<group>"; };
		CCFD86EF15CCAFFC001D8E25 /* RCXMLRPCDecoder.h */ = {isa = PBXFileReference; fileEncoding = 4; lastKnownFileType = sourcecode.c.h; path = RCXMLRPCDecoder.h; sourceTree = "<group>"; };
		CCFD86F015CCAFFC001D8E25 /* RCXMLRPCDecoder.m */ = {isa = PBXFileReference; fileEncoding = 4; lastKnownFileType = sourcecode.c.objc; path = RCXMLRPCDecoder.m; sourceTree = "<group>"; };
		CCFD86F215CCB022001D8E25 /* RCXMLRPCDecoderTests.h */ = {isa = PBXFileReference; fileEncoding = 4; lastKnownFileType = sourcecode.c.h; path = RCXMLRPCDecoderTests.h; sourceTree = "<group>"; };
		CCFD86F315CCB023001D8E25 /* RCXMLRPCDecoderTests.m */ = {isa = PBXFileReference; fileEncoding = 4; lastKnownFileType = sourcecode.c.objc; path = RCXMLRPCDecoderTests.m; sourceTree = "<group>"; };
		CCFD86F515CCB372001D8E25 /* response.xml */ = {isa = PBXFileReference; fileEncoding = 4; lastKnownFileType = text.xml; path = response.xml; sourceTree = "<group>"; };
		D4AABD77C5324CCD9F149023 /* libPods.a */ = {isa = PBXFileReference; explicitFileType = archive.ar; includeInIndex = 0; path = libPods.a; sourceTree = BUILT_PRODUCTS_DIR; };
/* End PBXFileReference section */

/* Begin PBXFrameworksBuildPhase section */
		CCFD868C15CC56AA001D8E25 /* Frameworks */ = {
			isa = PBXFrameworksBuildPhase;
			buildActionMask = 2147483647;
			files = (
				CCEF5E0B15D9AD5E00761000 /* CoreImage.framework in Frameworks */,
				CC3CA28115D236BC006E8B22 /* AssetsLibrary.framework in Frameworks */,
				CCFD869415CC56AB001D8E25 /* UIKit.framework in Frameworks */,
				CCFD869615CC56AB001D8E25 /* Foundation.framework in Frameworks */,
				CCFD869815CC56AB001D8E25 /* CoreGraphics.framework in Frameworks */,
				CCA8E64C15D0F25C00DE01AF /* QuartzCore.framework in Frameworks */,
				DAA4F2B891E846D99F8B2B07 /* libPods.a in Frameworks */,
			);
			runOnlyForDeploymentPostprocessing = 0;
		};
		CCFD86A615CC56AB001D8E25 /* Frameworks */ = {
			isa = PBXFrameworksBuildPhase;
			buildActionMask = 2147483647;
			files = (
				CCFD86AC15CC56AB001D8E25 /* SenTestingKit.framework in Frameworks */,
				CCFD86AD15CC56AB001D8E25 /* UIKit.framework in Frameworks */,
				CCFD86AE15CC56AB001D8E25 /* Foundation.framework in Frameworks */,
				CCA8E64D15D0F26400DE01AF /* QuartzCore.framework in Frameworks */,
				915F5BABB35B48EB9BB2972D /* libPods.a in Frameworks */,
			);
			runOnlyForDeploymentPostprocessing = 0;
		};
/* End PBXFrameworksBuildPhase section */

/* Begin PBXGroup section */
		CC63160515D03E6C007E8AFC /* Gravatar */ = {
			isa = PBXGroup;
			children = (
				CCDED47315D1D92B001C9CA7 /* GravatarAccount.h */,
				CCDED47415D1D92B001C9CA7 /* GravatarAccount.m */,
				CC63160C15D0555E007E8AFC /* GravatarClient.h */,
				CC63160D15D0555E007E8AFC /* GravatarClient.m */,
				CC63160615D03E81007E8AFC /* GravatarRequest.h */,
				CC63160715D03E81007E8AFC /* GravatarRequest.m */,
				CC63160915D04B6F007E8AFC /* MD5Hasher.h */,
				CC63160A15D04B6F007E8AFC /* MD5Hasher.m */,
			);
			name = Gravatar;
			sourceTree = "<group>";
		};
		CCA8E62115D080CF00DE01AF /* UI */ = {
			isa = PBXGroup;
			children = (
				CCA8E62F15D08A3D00DE01AF /* Views */,
				CCA8E62A15D087CE00DE01AF /* AddAccountViewController.h */,
				CCA8E62B15D087CE00DE01AF /* AddAccountViewController.m */,
				CCA8E62D15D088AF00DE01AF /* AddAccountView.xib */,
				CC3CA27A15D22A49006E8B22 /* EmailsViewController.h */,
				CC3CA27B15D22A49006E8B22 /* EmailsViewController.m */,
				CC3CA27D15D234C4006E8B22 /* PhotoSelectionViewController.h */,
				CC3CA27E15D234C4006E8B22 /* PhotoSelectionViewController.m */,
				CCEF5DFC15D301D700761000 /* PhotoEditorViewController.h */,
				CCEF5DFD15D301D700761000 /* PhotoEditorViewController.m */,
			);
			name = UI;
			sourceTree = "<group>";
		};
		CCA8E62F15D08A3D00DE01AF /* Views */ = {
			isa = PBXGroup;
			children = (
				CCA8E63615D08A8B00DE01AF /* RCAccountTextField.h */,
				CCA8E63715D08A8B00DE01AF /* RCAccountTextField.m */,
				CCA8E64915D0E75700DE01AF /* GravatarImageView.h */,
				CCA8E64A15D0E75700DE01AF /* GravatarImageView.m */,
				CC34EE6415D1AB6300820FC8 /* LoginPanelView.h */,
				CC34EE6515D1AB6300820FC8 /* LoginPanelView.m */,
				CCEF5E0015D9542D00761000 /* ImageEditorView.h */,
				CCEF5E0115D9542D00761000 /* ImageEditorView.m */,
				CCEF5E0715D9861B00761000 /* CropView.h */,
				CCEF5E0815D9861B00761000 /* CropView.m */,
			);
			name = Views;
			sourceTree = "<group>";
		};
		CCA8E63A15D0D83000DE01AF /* Images */ = {
			isa = PBXGroup;
			children = (
				CCA8E64E15D0F82A00DE01AF /* blue-button-active.png */,
				CC34EE3815D1763F00820FC8 /* blue-button-active@2x.png */,
				CCA8E64F15D0F82A00DE01AF /* blue-button-pressed.png */,
				CC34EE3915D1763F00820FC8 /* blue-button-pressed@2x.png */,
				CCA8E64115D0DACE00DE01AF /* gravatar-blue-nav.png */,
				CCA8E64215D0DACE00DE01AF /* gravatar-blue-nav@2x.png */,
				CC34EE5B15D189E600820FC8 /* add-account-navbar-button-active-landscape.png */,
				CC34EE4D15D189A600820FC8 /* add-account-navbar-button-active-landscape@2x.png */,
				CC34EE4E15D189A600820FC8 /* add-account-navbar-button-active.png */,
				CC34EE4F15D189A600820FC8 /* add-account-navbar-button-active@2x.png */,
				CC34EE5015D189A600820FC8 /* add-account-navbar-button-pressed-landscape.png */,
				CC34EE5115D189A600820FC8 /* add-account-navbar-button-pressed-landscape@2x.png */,
				CC34EE5215D189A600820FC8 /* add-account-navbar-button-pressed.png */,
				CC34EE5315D189A600820FC8 /* add-account-navbar-button-pressed@2x.png */,
				CC34EE4915D1873A00820FC8 /* login-navbar-button-active-landscape.png */,
				CC34EE4515D184A500820FC8 /* login-navbar-button-active-landscape@2x.png */,
				CC34EE3D15D1794300820FC8 /* login-navbar-button-active.png */,
				CC34EE4115D17E1A00820FC8 /* login-navbar-button-active@2x.png */,
				CC34EE4A15D1873A00820FC8 /* login-navbar-button-pressed-landscape.png */,
				CC34EE4615D184A500820FC8 /* login-navbar-button-pressed-landscape@2x.png */,
				CC34EE4315D1841800820FC8 /* login-navbar-button-pressed.png */,
				CC34EE3F15D17D5400820FC8 /* login-navbar-button-pressed@2x.png */,
				CCA8E63D15D0D98E00DE01AF /* no-shadow.png */,
				CCA8E63B15D0D83000DE01AF /* unified-nav.png */,
				CCA8E64515D0DBFB00DE01AF /* unified-nav@2x.png */,
			);
			path = Images;
			sourceTree = "<group>";
		};
		CCFD868415CC56AA001D8E25 = {
			isa = PBXGroup;
			children = (
				CCFD869915CC56AB001D8E25 /* Gravatar */,
				CCFD86B115CC56AB001D8E25 /* GravatarTests */,
				CCFD869215CC56AB001D8E25 /* Frameworks */,
				CCFD869015CC56AA001D8E25 /* Products */,
				80DC29DBD8E0496F99E7258E /* Pods.xcconfig */,
			);
			sourceTree = "<group>";
		};
		CCFD869015CC56AA001D8E25 /* Products */ = {
			isa = PBXGroup;
			children = (
				CCFD868F15CC56AA001D8E25 /* Gravatar.app */,
				CCFD86AA15CC56AB001D8E25 /* GravatarTests.octest */,
			);
			name = Products;
			sourceTree = "<group>";
		};
		CCFD869215CC56AB001D8E25 /* Frameworks */ = {
			isa = PBXGroup;
			children = (
				CCEF5E0A15D9AD5E00761000 /* CoreImage.framework */,
				CC3CA28015D236BC006E8B22 /* AssetsLibrary.framework */,
				CCA8E64715D0E12900DE01AF /* QuartzCore.framework */,
				CCFD869315CC56AB001D8E25 /* UIKit.framework */,
				CCFD869515CC56AB001D8E25 /* Foundation.framework */,
				CCFD869715CC56AB001D8E25 /* CoreGraphics.framework */,
				CCFD86AB15CC56AB001D8E25 /* SenTestingKit.framework */,
				D4AABD77C5324CCD9F149023 /* libPods.a */,
			);
			name = Frameworks;
			sourceTree = "<group>";
		};
		CCFD869915CC56AB001D8E25 /* Gravatar */ = {
			isa = PBXGroup;
			children = (
				CCA8E63A15D0D83000DE01AF /* Images */,
				CCA8E62115D080CF00DE01AF /* UI */,
				CC63160515D03E6C007E8AFC /* Gravatar */,
				CCFD86C215CC56C3001D8E25 /* XMLRPC */,
				CCFD86A215CC56AB001D8E25 /* RCAppDelegate.h */,
				CCFD86A315CC56AB001D8E25 /* RCAppDelegate.m */,
				CCFD869A15CC56AB001D8E25 /* Supporting Files */,
			);
			path = Gravatar;
			sourceTree = "<group>";
		};
		CCFD869A15CC56AB001D8E25 /* Supporting Files */ = {
			isa = PBXGroup;
			children = (
				CCFD869B15CC56AB001D8E25 /* Gravatar-Info.plist */,
				CCFD869C15CC56AB001D8E25 /* InfoPlist.strings */,
				CCFD869F15CC56AB001D8E25 /* main.m */,
				CCFD86A115CC56AB001D8E25 /* Gravatar-Prefix.pch */,
			);
			name = "Supporting Files";
			sourceTree = "<group>";
		};
		CCFD86B115CC56AB001D8E25 /* GravatarTests */ = {
			isa = PBXGroup;
			children = (
				CCFD86D815CC7865001D8E25 /* Fixtures */,
				CCFD86B715CC56AB001D8E25 /* GravatarTests.h */,
				CCFD86B815CC56AB001D8E25 /* GravatarTests.m */,
				CCFD86D515CC69E8001D8E25 /* RCXMLRPCEncoderTests.h */,
				CCFD86D615CC69E8001D8E25 /* RCXMLRPCEncoderTests.m */,
				CCFD86F215CCB022001D8E25 /* RCXMLRPCDecoderTests.h */,
				CCFD86F315CCB023001D8E25 /* RCXMLRPCDecoderTests.m */,
				CCFD86B215CC56AB001D8E25 /* Supporting Files */,
			);
			path = GravatarTests;
			sourceTree = "<group>";
		};
		CCFD86B215CC56AB001D8E25 /* Supporting Files */ = {
			isa = PBXGroup;
			children = (
				CCFD86B315CC56AB001D8E25 /* GravatarTests-Info.plist */,
				CCFD86B415CC56AB001D8E25 /* InfoPlist.strings */,
			);
			name = "Supporting Files";
			sourceTree = "<group>";
		};
		CCFD86C215CC56C3001D8E25 /* XMLRPC */ = {
			isa = PBXGroup;
			children = (
				CCFD86E815CCABA1001D8E25 /* NSData+Base64.h */,
				CCFD86E915CCABA1001D8E25 /* NSData+Base64.m */,
				CCFD86D215CC61DF001D8E25 /* RCXMLRPCEncoder.h */,
				CCFD86D315CC61DF001D8E25 /* RCXMLRPCEncoder.m */,
				CCFD86EF15CCAFFC001D8E25 /* RCXMLRPCDecoder.h */,
				CCFD86F015CCAFFC001D8E25 /* RCXMLRPCDecoder.m */,
				CC63160215D01D8C007E8AFC /* RCXMLRPCParsingContext.h */,
				CC63160315D01D8C007E8AFC /* RCXMLRPCParsingContext.m */,
			);
			name = XMLRPC;
			sourceTree = "<group>";
		};
		CCFD86D815CC7865001D8E25 /* Fixtures */ = {
			isa = PBXGroup;
			children = (
				CCFD86DB15CC7C89001D8E25 /* array.xml */,
				CCFD86DD15CC80E0001D8E25 /* dict.xml */,
				CC830B1A15DAB12B008F5552 /* datadict.xml */,
				CCFD86D915CC787E001D8E25 /* params.xml */,
				CCFD86DF15CC829F001D8E25 /* request.xml */,
				CC6315FD15CF0F93007E8AFC /* response-complex.xml */,
				CC63160015CF0FB2007E8AFC /* response-fault.xml */,
				CC34EE5F15D19C1100820FC8 /* response-numbers.xml */,
				CCFD86F515CCB372001D8E25 /* response.xml */,
				CC81ED1F15DAADB1000DA4F8 /* data.txt */,
			);
			name = Fixtures;
			sourceTree = "<group>";
		};
/* End PBXGroup section */

/* Begin PBXNativeTarget section */
		CCFD868E15CC56AA001D8E25 /* Gravatar */ = {
			isa = PBXNativeTarget;
			buildConfigurationList = CCFD86BC15CC56AB001D8E25 /* Build configuration list for PBXNativeTarget "Gravatar" */;
			buildPhases = (
				CCFD868B15CC56AA001D8E25 /* Sources */,
				CCFD868C15CC56AA001D8E25 /* Frameworks */,
				CCFD868D15CC56AA001D8E25 /* Resources */,
				FCDA26BBC1DB474ABF83E036 /* Copy Pods Resources */,
			);
			buildRules = (
			);
			dependencies = (
			);
			name = Gravatar;
			productName = Gravatar;
			productReference = CCFD868F15CC56AA001D8E25 /* Gravatar.app */;
			productType = "com.apple.product-type.application";
		};
		CCFD86A915CC56AB001D8E25 /* GravatarTests */ = {
			isa = PBXNativeTarget;
			buildConfigurationList = CCFD86BF15CC56AB001D8E25 /* Build configuration list for PBXNativeTarget "GravatarTests" */;
			buildPhases = (
				CCFD86A515CC56AB001D8E25 /* Sources */,
				CCFD86A615CC56AB001D8E25 /* Frameworks */,
				CCFD86A715CC56AB001D8E25 /* Resources */,
				CCFD86A815CC56AB001D8E25 /* ShellScript */,
				FCDA26BBC1DB474ABF83E036 /* Copy Pods Resources */,
			);
			buildRules = (
			);
			dependencies = (
				CCFD86B015CC56AB001D8E25 /* PBXTargetDependency */,
			);
			name = GravatarTests;
			productName = GravatarTests;
			productReference = CCFD86AA15CC56AB001D8E25 /* GravatarTests.octest */;
			productType = "com.apple.product-type.bundle";
		};
/* End PBXNativeTarget section */

/* Begin PBXProject section */
		CCFD868615CC56AA001D8E25 /* Project object */ = {
			isa = PBXProject;
			attributes = {
				CLASSPREFIX = RC;
				LastUpgradeCheck = 0450;
				ORGANIZATIONNAME = "Beau Collins";
			};
			buildConfigurationList = CCFD868915CC56AA001D8E25 /* Build configuration list for PBXProject "Gravatar" */;
			compatibilityVersion = "Xcode 3.2";
			developmentRegion = English;
			hasScannedForEncodings = 0;
			knownRegions = (
				en,
			);
			mainGroup = CCFD868415CC56AA001D8E25;
			productRefGroup = CCFD869015CC56AA001D8E25 /* Products */;
			projectDirPath = "";
			projectRoot = "";
			targets = (
				CCFD868E15CC56AA001D8E25 /* Gravatar */,
				CCFD86A915CC56AB001D8E25 /* GravatarTests */,
			);
		};
/* End PBXProject section */

/* Begin PBXResourcesBuildPhase section */
		CCFD868D15CC56AA001D8E25 /* Resources */ = {
			isa = PBXResourcesBuildPhase;
			buildActionMask = 2147483647;
			files = (
				CCFD869E15CC56AB001D8E25 /* InfoPlist.strings in Resources */,
				CCA8E62E15D088AF00DE01AF /* AddAccountView.xib in Resources */,
				CCA8E63C15D0D83000DE01AF /* unified-nav.png in Resources */,
				CCA8E63E15D0D98E00DE01AF /* no-shadow.png in Resources */,
				CCA8E64315D0DACE00DE01AF /* gravatar-blue-nav.png in Resources */,
				CCA8E64415D0DACE00DE01AF /* gravatar-blue-nav@2x.png in Resources */,
				CCA8E64615D0DBFB00DE01AF /* unified-nav@2x.png in Resources */,
				CCA8E65015D0F82A00DE01AF /* blue-button-active.png in Resources */,
				CCA8E65115D0F82A00DE01AF /* blue-button-pressed.png in Resources */,
				CC34EE3A15D1763F00820FC8 /* blue-button-active@2x.png in Resources */,
				CC34EE3B15D1763F00820FC8 /* blue-button-pressed@2x.png in Resources */,
				CC34EE3E15D1794300820FC8 /* login-navbar-button-active.png in Resources */,
				CC34EE4015D17D5400820FC8 /* login-navbar-button-pressed@2x.png in Resources */,
				CC34EE4215D17E1A00820FC8 /* login-navbar-button-active@2x.png in Resources */,
				CC34EE4415D1841800820FC8 /* login-navbar-button-pressed.png in Resources */,
				CC34EE4715D184A500820FC8 /* login-navbar-button-active-landscape@2x.png in Resources */,
				CC34EE4815D184A500820FC8 /* login-navbar-button-pressed-landscape@2x.png in Resources */,
				CC34EE4B15D1873A00820FC8 /* login-navbar-button-active-landscape.png in Resources */,
				CC34EE4C15D1873A00820FC8 /* login-navbar-button-pressed-landscape.png in Resources */,
				CC34EE5415D189A600820FC8 /* add-account-navbar-button-active-landscape@2x.png in Resources */,
				CC34EE5515D189A600820FC8 /* add-account-navbar-button-active.png in Resources */,
				CC34EE5615D189A600820FC8 /* add-account-navbar-button-active@2x.png in Resources */,
				CC34EE5715D189A600820FC8 /* add-account-navbar-button-pressed-landscape.png in Resources */,
				CC34EE5815D189A600820FC8 /* add-account-navbar-button-pressed-landscape@2x.png in Resources */,
				CC34EE5915D189A600820FC8 /* add-account-navbar-button-pressed.png in Resources */,
				CC34EE5A15D189A600820FC8 /* add-account-navbar-button-pressed@2x.png in Resources */,
				CC34EE5C15D189E600820FC8 /* add-account-navbar-button-active-landscape.png in Resources */,
			);
			runOnlyForDeploymentPostprocessing = 0;
		};
		CCFD86A715CC56AB001D8E25 /* Resources */ = {
			isa = PBXResourcesBuildPhase;
			buildActionMask = 2147483647;
			files = (
				CCFD86B615CC56AB001D8E25 /* InfoPlist.strings in Resources */,
				CCFD86DA15CC787E001D8E25 /* params.xml in Resources */,
				CCFD86DC15CC7C89001D8E25 /* array.xml in Resources */,
				CCFD86DE15CC80E0001D8E25 /* dict.xml in Resources */,
				CCFD86E015CC829F001D8E25 /* request.xml in Resources */,
				CCFD86F615CCB372001D8E25 /* response.xml in Resources */,
				CC6315FE15CF0F93007E8AFC /* response-complex.xml in Resources */,
				CC63160115CF0FB2007E8AFC /* response-fault.xml in Resources */,
				CC34EE6015D19C1100820FC8 /* response-numbers.xml in Resources */,
				CC81ED2015DAADB1000DA4F8 /* data.txt in Resources */,
				CC830B1B15DAB12B008F5552 /* datadict.xml in Resources */,
			);
			runOnlyForDeploymentPostprocessing = 0;
		};
/* End PBXResourcesBuildPhase section */

/* Begin PBXShellScriptBuildPhase section */
		CCFD86A815CC56AB001D8E25 /* ShellScript */ = {
			isa = PBXShellScriptBuildPhase;
			buildActionMask = 2147483647;
			files = (
			);
			inputPaths = (
			);
			outputPaths = (
			);
			runOnlyForDeploymentPostprocessing = 0;
			shellPath = /bin/sh;
			shellScript = "# Run the unit tests in this test bundle.\n\"${SYSTEM_DEVELOPER_DIR}/Tools/RunUnitTests\"\n";
		};
		FCDA26BBC1DB474ABF83E036 /* Copy Pods Resources */ = {
			isa = PBXShellScriptBuildPhase;
			buildActionMask = 2147483647;
			files = (
			);
			inputPaths = (
			);
			name = "Copy Pods Resources";
			outputPaths = (
			);
			runOnlyForDeploymentPostprocessing = 0;
			shellPath = /bin/sh;
			shellScript = "\"${SRCROOT}/Pods/Pods-resources.sh\"\n";
		};
/* End PBXShellScriptBuildPhase section */

/* Begin PBXSourcesBuildPhase section */
		CCFD868B15CC56AA001D8E25 /* Sources */ = {
			isa = PBXSourcesBuildPhase;
			buildActionMask = 2147483647;
			files = (
				CCFD86A015CC56AB001D8E25 /* main.m in Sources */,
				CCFD86A415CC56AB001D8E25 /* RCAppDelegate.m in Sources */,
				CCFD86D415CC61DF001D8E25 /* RCXMLRPCEncoder.m in Sources */,
				CCFD86EB15CCABB2001D8E25 /* NSData+Base64.m in Sources */,
				CCFD86F115CCAFFC001D8E25 /* RCXMLRPCDecoder.m in Sources */,
				CC63160415D01D8D007E8AFC /* RCXMLRPCParsingContext.m in Sources */,
				CC63160815D03E81007E8AFC /* GravatarRequest.m in Sources */,
				CC63160B15D04B6F007E8AFC /* MD5Hasher.m in Sources */,
				CC63160E15D0555E007E8AFC /* GravatarClient.m in Sources */,
				CCA8E62C15D087CE00DE01AF /* AddAccountViewController.m in Sources */,
				CCA8E63915D08B5400DE01AF /* RCAccountTextField.m in Sources */,
				CCA8E64B15D0E75700DE01AF /* GravatarImageView.m in Sources */,
				CC34EE6615D1AB6300820FC8 /* LoginPanelView.m in Sources */,
				CCDED47515D1D92B001C9CA7 /* GravatarAccount.m in Sources */,
				CC3CA27C15D22A49006E8B22 /* EmailsViewController.m in Sources */,
				CC3CA27F15D234C4006E8B22 /* PhotoSelectionViewController.m in Sources */,
				CCEF5DFE15D301D700761000 /* PhotoEditorViewController.m in Sources */,
				CCEF5E0215D9542D00761000 /* ImageEditorView.m in Sources */,
				CCEF5E0915D9861B00761000 /* CropView.m in Sources */,
			);
			runOnlyForDeploymentPostprocessing = 0;
		};
		CCFD86A515CC56AB001D8E25 /* Sources */ = {
			isa = PBXSourcesBuildPhase;
			buildActionMask = 2147483647;
			files = (
				CCFD86B915CC56AB001D8E25 /* GravatarTests.m in Sources */,
				CCFD86D715CC69E8001D8E25 /* RCXMLRPCEncoderTests.m in Sources */,
				CCFD86F415CCB023001D8E25 /* RCXMLRPCDecoderTests.m in Sources */,
			);
			runOnlyForDeploymentPostprocessing = 0;
		};
/* End PBXSourcesBuildPhase section */

/* Begin PBXTargetDependency section */
		CCFD86B015CC56AB001D8E25 /* PBXTargetDependency */ = {
			isa = PBXTargetDependency;
			target = CCFD868E15CC56AA001D8E25 /* Gravatar */;
			targetProxy = CCFD86AF15CC56AB001D8E25 /* PBXContainerItemProxy */;
		};
/* End PBXTargetDependency section */

/* Begin PBXVariantGroup section */
		CCFD869C15CC56AB001D8E25 /* InfoPlist.strings */ = {
			isa = PBXVariantGroup;
			children = (
				CCFD869D15CC56AB001D8E25 /* en */,
			);
			name = InfoPlist.strings;
			sourceTree = "<group>";
		};
		CCFD86B415CC56AB001D8E25 /* InfoPlist.strings */ = {
			isa = PBXVariantGroup;
			children = (
				CCFD86B515CC56AB001D8E25 /* en */,
			);
			name = InfoPlist.strings;
			sourceTree = "<group>";
		};
/* End PBXVariantGroup section */

/* Begin XCBuildConfiguration section */
		CCFD86BA15CC56AB001D8E25 /* Debug */ = {
			isa = XCBuildConfiguration;
			buildSettings = {
				ALWAYS_SEARCH_USER_PATHS = NO;
				CLANG_CXX_LANGUAGE_STANDARD = "gnu++0x";
				CLANG_CXX_LIBRARY = "libc++";
				CLANG_ENABLE_OBJC_ARC = YES;
				CLANG_WARN__DUPLICATE_METHOD_MATCH = YES;
				"CODE_SIGN_IDENTITY[sdk=iphoneos*]" = "iPhone Developer";
				COPY_PHASE_STRIP = NO;
				GCC_C_LANGUAGE_STANDARD = gnu99;
				GCC_DYNAMIC_NO_PIC = NO;
				GCC_OPTIMIZATION_LEVEL = 0;
				GCC_PREPROCESSOR_DEFINITIONS = (
					"DEBUG=1",
					"$(inherited)",
				);
				GCC_SYMBOLS_PRIVATE_EXTERN = NO;
				GCC_WARN_ABOUT_RETURN_TYPE = YES;
				GCC_WARN_UNINITIALIZED_AUTOS = YES;
				GCC_WARN_UNUSED_VARIABLE = YES;
				IPHONEOS_DEPLOYMENT_TARGET = 6.0;
				SDKROOT = iphoneos;
				TARGETED_DEVICE_FAMILY = "1,2";
			};
			name = Debug;
		};
		CCFD86BB15CC56AB001D8E25 /* Release */ = {
			isa = XCBuildConfiguration;
			buildSettings = {
				ALWAYS_SEARCH_USER_PATHS = NO;
				CLANG_CXX_LANGUAGE_STANDARD = "gnu++0x";
				CLANG_CXX_LIBRARY = "libc++";
				CLANG_ENABLE_OBJC_ARC = YES;
				CLANG_WARN__DUPLICATE_METHOD_MATCH = YES;
				"CODE_SIGN_IDENTITY[sdk=iphoneos*]" = "iPhone Developer";
				COPY_PHASE_STRIP = YES;
				GCC_C_LANGUAGE_STANDARD = gnu99;
				GCC_WARN_ABOUT_RETURN_TYPE = YES;
				GCC_WARN_UNINITIALIZED_AUTOS = YES;
				GCC_WARN_UNUSED_VARIABLE = YES;
				IPHONEOS_DEPLOYMENT_TARGET = 6.0;
				OTHER_CFLAGS = "-DNS_BLOCK_ASSERTIONS=1";
				SDKROOT = iphoneos;
				TARGETED_DEVICE_FAMILY = "1,2";
				VALIDATE_PRODUCT = YES;
			};
			name = Release;
		};
		CCFD86BD15CC56AB001D8E25 /* Debug */ = {
			isa = XCBuildConfiguration;
			baseConfigurationReference = 80DC29DBD8E0496F99E7258E /* Pods.xcconfig */;
			buildSettings = {
				DSTROOT = /tmp/xcodeproj.dst;
				GCC_PRECOMPILE_PREFIX_HEADER = YES;
				GCC_PREFIX_HEADER = "Gravatar/Gravatar-Prefix.pch";
				GCC_VERSION = com.apple.compilers.llvm.clang.1_0;
				INFOPLIST_FILE = "Gravatar/Gravatar-Info.plist";
				PRODUCT_NAME = "$(TARGET_NAME)";
				SKIP_INSTALL = YES;
				WRAPPER_EXTENSION = app;
			};
			name = Debug;
		};
		CCFD86BE15CC56AB001D8E25 /* Release */ = {
			isa = XCBuildConfiguration;
			baseConfigurationReference = 80DC29DBD8E0496F99E7258E /* Pods.xcconfig */;
			buildSettings = {
				DSTROOT = /tmp/xcodeproj.dst;
				GCC_PRECOMPILE_PREFIX_HEADER = YES;
				GCC_PREFIX_HEADER = "Gravatar/Gravatar-Prefix.pch";
				GCC_VERSION = com.apple.compilers.llvm.clang.1_0;
				INFOPLIST_FILE = "Gravatar/Gravatar-Info.plist";
				PRODUCT_NAME = "$(TARGET_NAME)";
				SKIP_INSTALL = YES;
				WRAPPER_EXTENSION = app;
			};
			name = Release;
		};
		CCFD86C015CC56AB001D8E25 /* Debug */ = {
			isa = XCBuildConfiguration;
			baseConfigurationReference = 80DC29DBD8E0496F99E7258E /* Pods.xcconfig */;
			buildSettings = {
				BUNDLE_LOADER = "$(BUILT_PRODUCTS_DIR)/Gravatar.app/Gravatar";
				DSTROOT = /tmp/xcodeproj.dst;
				FRAMEWORK_SEARCH_PATHS = (
					"\"$(SDKROOT)/Developer/Library/Frameworks\"",
					"\"$(DEVELOPER_LIBRARY_DIR)/Frameworks\"",
				);
				GCC_PRECOMPILE_PREFIX_HEADER = YES;
				GCC_PREFIX_HEADER = "Gravatar/Gravatar-Prefix.pch";
				GCC_VERSION = com.apple.compilers.llvm.clang.1_0;
				INFOPLIST_FILE = "GravatarTests/GravatarTests-Info.plist";
				PRODUCT_NAME = "$(TARGET_NAME)";
				SKIP_INSTALL = YES;
				TEST_HOST = "$(BUNDLE_LOADER)";
				WRAPPER_EXTENSION = octest;
			};
			name = Debug;
		};
		CCFD86C115CC56AB001D8E25 /* Release */ = {
			isa = XCBuildConfiguration;
			baseConfigurationReference = 80DC29DBD8E0496F99E7258E /* Pods.xcconfig */;
			buildSettings = {
				BUNDLE_LOADER = "$(BUILT_PRODUCTS_DIR)/Gravatar.app/Gravatar";
				DSTROOT = /tmp/xcodeproj.dst;
				FRAMEWORK_SEARCH_PATHS = (
					"\"$(SDKROOT)/Developer/Library/Frameworks\"",
					"\"$(DEVELOPER_LIBRARY_DIR)/Frameworks\"",
				);
				GCC_PRECOMPILE_PREFIX_HEADER = YES;
				GCC_PREFIX_HEADER = "Gravatar/Gravatar-Prefix.pch";
				GCC_VERSION = com.apple.compilers.llvm.clang.1_0;
				INFOPLIST_FILE = "GravatarTests/GravatarTests-Info.plist";
				PRODUCT_NAME = "$(TARGET_NAME)";
				SKIP_INSTALL = YES;
				TEST_HOST = "$(BUNDLE_LOADER)";
				WRAPPER_EXTENSION = octest;
			};
			name = Release;
		};
/* End XCBuildConfiguration section */

/* Begin XCConfigurationList section */
		CCFD868915CC56AA001D8E25 /* Build configuration list for PBXProject "Gravatar" */ = {
			isa = XCConfigurationList;
			buildConfigurations = (
				CCFD86BA15CC56AB001D8E25 /* Debug */,
				CCFD86BB15CC56AB001D8E25 /* Release */,
			);
			defaultConfigurationIsVisible = 0;
			defaultConfigurationName = Release;
		};
		CCFD86BC15CC56AB001D8E25 /* Build configuration list for PBXNativeTarget "Gravatar" */ = {
			isa = XCConfigurationList;
			buildConfigurations = (
				CCFD86BD15CC56AB001D8E25 /* Debug */,
				CCFD86BE15CC56AB001D8E25 /* Release */,
			);
			defaultConfigurationIsVisible = 0;
			defaultConfigurationName = Release;
		};
		CCFD86BF15CC56AB001D8E25 /* Build configuration list for PBXNativeTarget "GravatarTests" */ = {
			isa = XCConfigurationList;
			buildConfigurations = (
				CCFD86C015CC56AB001D8E25 /* Debug */,
				CCFD86C115CC56AB001D8E25 /* Release */,
			);
			defaultConfigurationIsVisible = 0;
			defaultConfigurationName = Release;
		};
/* End XCConfigurationList section */
	};
	rootObject = CCFD868615CC56AA001D8E25 /* Project object */;
}
